
Microsoft Visual Studio Solution File, Format Version 12.00
Project("{FAE04EC0-301F-11D3-BF4B-00C04F79EFBC}") = "ElasticSearch.API", "ElasticSearch.API\ElasticSearch.API.csproj", "{A67563B9-7383-4512-9EDD-3E253A0FE900}"
EndProject
Project("{FAE04EC0-301F-11D3-BF4B-00C04F79EFBC}") = "Elasticsearch.WEB", "Elasticsearch.WEB\Elasticsearch.WEB.csproj", "{8B0D7302-ABFA-4C1A-8A4E-190B3B69BF9B}"
EndProject
Global
	GlobalSection(SolutionConfigurationPlatforms) = preSolution
		Debug|Any CPU = Debug|Any CPU
		Release|Any CPU = Release|Any CPU
	EndGlobalSection
	GlobalSection(ProjectConfigurationPlatforms) = postSolution
		{A67563B9-7383-4512-9EDD-3E253A0FE900}.Debug|Any CPU.ActiveCfg = Debug|Any CPU
		{A67563B9-7383-4512-9EDD-3E253A0FE900}.Debug|Any CPU.Build.0 = Debug|Any CPU
		{A67563B9-7383-4512-9EDD-3E253A0FE900}.Release|Any CPU.ActiveCfg = Release|Any CPU
		{A67563B9-7383-4512-9EDD-3E253A0FE900}.Release|Any CPU.Build.0 = Release|Any CPU
		{8B0D7302-ABFA-4C1A-8A4E-190B3B69BF9B}.Debug|Any CPU.ActiveCfg = Debug|Any CPU
		{8B0D7302-ABFA-4C1A-8A4E-190B3B69BF9B}.Debug|Any CPU.Build.0 = Debug|Any CPU
		{8B0D7302-ABFA-4C1A-8A4E-190B3B69BF9B}.Release|Any CPU.ActiveCfg = Release|Any CPU
		{8B0D7302-ABFA-4C1A-8A4E-190B3B69BF9B}.Release|Any CPU.Build.0 = Release|Any CPU
	EndGlobalSection
EndGlobal
